
Microsoft Visual Studio Solution File, Format Version 12.00
# Visual Studio Version 16
VisualStudioVersion = 16.0.31112.23
MinimumVisualStudioVersion = 10.0.40219.1
Project("{FAE04EC0-301F-11D3-BF4B-00C04F79EFBC}") = "WebBN", "WebBN\WebBN.csproj", "{23199DD2-62F9-484D-A9DF-F05091D233D9}"
EndProject
Global
	GlobalSection(SolutionConfigurationPlatforms) = preSolution
		Debug|Any CPU = Debug|Any CPU
		Release|Any CPU = Release|Any CPU
	EndGlobalSection
	GlobalSection(ProjectConfigurationPlatforms) = postSolution
		{23199DD2-62F9-484D-A9DF-F05091D233D9}.Debug|Any CPU.ActiveCfg = Debug|Any CPU
		{23199DD2-62F9-484D-A9DF-F05091D233D9}.Debug|Any CPU.Build.0 = Debug|Any CPU
		{23199DD2-62F9-484D-A9DF-F05091D233D9}.Release|Any CPU.ActiveCfg = Release|Any CPU
		{23199DD2-62F9-484D-A9DF-F05091D233D9}.Release|Any CPU.Build.0 = Release|Any CPU
	EndGlobalSection
	GlobalSection(SolutionProperties) = preSolution
		HideSolutionNode = FALSE
	EndGlobalSection
	GlobalSection(ExtensibilityGlobals) = postSolution
		SolutionGuid = {58E5C968-940E-46EA-A737-633FA347C10A}
	EndGlobalSection
EndGlobal
